
Microsoft Visual Studio Solution File, Format Version 12.00
# Visual Studio Version 17
VisualStudioVersion = 17.4.33110.190
MinimumVisualStudioVersion = 10.0.40219.1
Project("{FAE04EC0-301F-11D3-BF4B-00C04F79EFBC}") = "SDRClassifier", "SDRClassifier\SDRClassifier.csproj", "{F1C3BD69-F978-469C-AA9B-C4E085796D5C}"
EndProject
Global
	GlobalSection(SolutionConfigurationPlatforms) = preSolution
		Debug|Any CPU = Debug|Any CPU
		Release|Any CPU = Release|Any CPU
	EndGlobalSection
	GlobalSection(ProjectConfigurationPlatforms) = postSolution
		{F1C3BD69-F978-469C-AA9B-C4E085796D5C}.Debug|Any CPU.ActiveCfg = Debug|Any CPU
		{F1C3BD69-F978-469C-AA9B-C4E085796D5C}.Debug|Any CPU.Build.0 = Debug|Any CPU
		{F1C3BD69-F978-469C-AA9B-C4E085796D5C}.Release|Any CPU.ActiveCfg = Release|Any CPU
		{F1C3BD69-F978-469C-AA9B-C4E085796D5C}.Release|Any CPU.Build.0 = Release|Any CPU
	EndGlobalSection
	GlobalSection(SolutionProperties) = preSolution
		HideSolutionNode = FALSE
	EndGlobalSection
	GlobalSection(ExtensibilityGlobals) = postSolution
		SolutionGuid = {D7E2F205-C40E-41AB-ADAC-D7C7EAC59583}
	EndGlobalSection
EndGlobal
